
Microsoft Visual Studio Solution File, Format Version 10.00
# Visual Studio 2008
Project("{FAE04EC0-301F-11D3-BF4B-00C04F79EFBC}") = "FS.ADIM.OA.MOSS-Service", "FS.ADIM.OA.MOSS-Service\FS.ADIM.OA.MOSS-Service.csproj", "{C65EE909-78DF-4C5A-9488-121C73843EBE}"
EndProject
Project("{FAE04EC0-301F-11D3-BF4B-00C04F79EFBC}") = "FS.ADIM.OA.MOSSS", "FS.ADIM.OA.MOSSS\FS.ADIM.OA.MOSSS.csproj", "{6D68252F-F339-4A1C-9136-8A9A40F32457}"
EndProject
Project("{FAE04EC0-301F-11D3-BF4B-00C04F79EFBC}") = "FS.MOSSTest", "FS.MOSSTest\FS.MOSSTest.csproj", "{4BDDE3E8-7C1C-40D4-B965-CAE3D66D281D}"
EndProject
Global
	GlobalSection(SolutionConfigurationPlatforms) = preSolution
		Debug|Any CPU = Debug|Any CPU
		Release|Any CPU = Release|Any CPU
	EndGlobalSection
	GlobalSection(ProjectConfigurationPlatforms) = postSolution
		{C65EE909-78DF-4C5A-9488-121C73843EBE}.Debug|Any CPU.ActiveCfg = Debug|Any CPU
		{C65EE909-78DF-4C5A-9488-121C73843EBE}.Debug|Any CPU.Build.0 = Debug|Any CPU
		{C65EE909-78DF-4C5A-9488-121C73843EBE}.Release|Any CPU.ActiveCfg = Release|Any CPU
		{C65EE909-78DF-4C5A-9488-121C73843EBE}.Release|Any CPU.Build.0 = Release|Any CPU
		{6D68252F-F339-4A1C-9136-8A9A40F32457}.Debug|Any CPU.ActiveCfg = Debug|Any CPU
		{6D68252F-F339-4A1C-9136-8A9A40F32457}.Debug|Any CPU.Build.0 = Debug|Any CPU
		{6D68252F-F339-4A1C-9136-8A9A40F32457}.Release|Any CPU.ActiveCfg = Release|Any CPU
		{6D68252F-F339-4A1C-9136-8A9A40F32457}.Release|Any CPU.Build.0 = Release|Any CPU
		{4BDDE3E8-7C1C-40D4-B965-CAE3D66D281D}.Debug|Any CPU.ActiveCfg = Debug|Any CPU
		{4BDDE3E8-7C1C-40D4-B965-CAE3D66D281D}.Debug|Any CPU.Build.0 = Debug|Any CPU
		{4BDDE3E8-7C1C-40D4-B965-CAE3D66D281D}.Release|Any CPU.ActiveCfg = Release|Any CPU
		{4BDDE3E8-7C1C-40D4-B965-CAE3D66D281D}.Release|Any CPU.Build.0 = Release|Any CPU
	EndGlobalSection
	GlobalSection(SolutionProperties) = preSolution
		HideSolutionNode = FALSE
	EndGlobalSection
EndGlobal
